{"format_version":"0.1","terraform_version":"0.12.20","variables":{"abs_path":{"value":"/Users/mikan/git/prod/terraform-infrastructure-live/gce_multiple/europe-north1/prod/common/kubernetes"},"append_name":{"value":""},"component":{"value":"kubernetes"},"env":{"value":"prod"},"gke_nr_of_nodes":{"value":"1"},"gke_type_of_nodes":{"value":"n1-standard-1"},"max_cpu":{"value":"16"},"project":{"value":"prod-mikan-tf-pr1"},"region":{"value":"europe-north1"},"system":{"value":"common"}},"planned_values":{"outputs":{"client_certificate":{"sensitive":true},"client_key":{"sensitive":true},"cluster_ca_certificate":{"sensitive":false},"cluster_password":{"sensitive":true},"cluster_username":{"sensitive":false},"endpoint":{"sensitive":false},"instance_group_urls":{"sensitive":false},"name":{"sensitive":false,"value":"gkeeurope-north1prodcommonkubernetes"}},"root_module":{"resources":[{"address":"google_container_cluster.main","mode":"managed","type":"google_container_cluster","name":"main","provider_name":"google","schema_version":1,"values":{"addons_config":[{"horizontal_pod_autoscaling":[{"disabled":false}]}],"description":null,"enable_binary_authorization":false,"enable_kubernetes_alpha":false,"enable_legacy_abac":false,"initial_node_count":1,"ip_allocation_policy":[{}],"location":"europe-north1","logging_service":"logging.googleapis.com/kubernetes","maintenance_policy":[],"master_authorized_networks_config":[],"min_master_version":null,"monitoring_service":"monitoring.googleapis.com/kubernetes","name":"gkeeurope-north1prodcommonkubernetes","network":"default","node_config":[{"machine_type":"n1-standard-1","metadata":{"disable-legacy-endpoints":"true"},"min_cpu_platform":null,"oauth_scopes":["https://www.googleapis.com/auth/compute","https://www.googleapis.com/auth/devstorage.read_only","https://www.googleapis.com/auth/logging.write","https://www.googleapis.com/auth/monitoring"],"preemptible":false,"tags":null}],"private_cluster_config":[],"remove_default_node_pool":null,"resource_labels":null,"subnetwork":"default","timeouts":null,"vertical_pod_autoscaling":[]}}]}},"resource_changes":[{"address":"google_container_cluster.main","mode":"managed","type":"google_container_cluster","name":"main","provider_name":"google","change":{"actions":["create"],"before":null,"after":{"addons_config":[{"horizontal_pod_autoscaling":[{"disabled":false}]}],"description":null,"enable_binary_authorization":false,"enable_kubernetes_alpha":false,"enable_legacy_abac":false,"initial_node_count":1,"ip_allocation_policy":[{}],"location":"europe-north1","logging_service":"logging.googleapis.com/kubernetes","maintenance_policy":[],"master_authorized_networks_config":[],"min_master_version":null,"monitoring_service":"monitoring.googleapis.com/kubernetes","name":"gkeeurope-north1prodcommonkubernetes","network":"default","node_config":[{"machine_type":"n1-standard-1","metadata":{"disable-legacy-endpoints":"true"},"min_cpu_platform":null,"oauth_scopes":["https://www.googleapis.com/auth/compute","https://www.googleapis.com/auth/devstorage.read_only","https://www.googleapis.com/auth/logging.write","https://www.googleapis.com/auth/monitoring"],"preemptible":false,"tags":null}],"private_cluster_config":[],"remove_default_node_pool":null,"resource_labels":null,"subnetwork":"default","timeouts":null,"vertical_pod_autoscaling":[]},"after_unknown":{"additional_zones":true,"addons_config":[{"horizontal_pod_autoscaling":[{}],"http_load_balancing":true,"kubernetes_dashboard":true,"network_policy_config":true}],"authenticator_groups_config":true,"cluster_autoscaling":true,"cluster_ipv4_cidr":true,"default_max_pods_per_node":true,"enable_intranode_visibility":true,"enable_tpu":true,"endpoint":true,"id":true,"instance_group_urls":true,"ip_allocation_policy":[{"cluster_ipv4_cidr_block":true,"cluster_secondary_range_name":true,"create_subnetwork":true,"node_ipv4_cidr_block":true,"services_ipv4_cidr_block":true,"services_secondary_range_name":true,"subnetwork_name":true,"use_ip_aliases":true}],"maintenance_policy":[],"master_auth":true,"master_authorized_networks_config":[],"master_version":true,"network_policy":true,"node_config":[{"disk_size_gb":true,"disk_type":true,"guest_accelerator":true,"image_type":true,"labels":true,"local_ssd_count":true,"metadata":{},"oauth_scopes":[false,false,false,false],"sandbox_config":true,"service_account":true,"shielded_instance_config":true,"taint":true,"workload_metadata_config":true}],"node_locations":true,"node_pool":true,"node_version":true,"operation":true,"pod_security_policy_config":true,"private_cluster_config":[],"project":true,"region":true,"services_ipv4_cidr":true,"vertical_pod_autoscaling":[],"zone":true}}}],"output_changes":{"client_certificate":{"actions":["create"],"before":null,"after_unknown":true},"client_key":{"actions":["create"],"before":null,"after_unknown":true},"cluster_ca_certificate":{"actions":["create"],"before":null,"after_unknown":true},"cluster_password":{"actions":["create"],"before":null,"after_unknown":true},"cluster_username":{"actions":["create"],"before":null,"after_unknown":true},"endpoint":{"actions":["create"],"before":null,"after_unknown":true},"instance_group_urls":{"actions":["create"],"before":null,"after_unknown":true},"name":{"actions":["create"],"before":null,"after":"gkeeurope-north1prodcommonkubernetes","after_unknown":false}},"prior_state":{"format_version":"0.1","terraform_version":"0.12.20","values":{"root_module":{"resources":[{"address":"data.google_compute_network.default","mode":"data","type":"google_compute_network","name":"default","provider_name":"google","schema_version":0,"values":{"description":"Default network for the project","gateway_ipv4":"","id":"projects/prod-mikan-tf-pr1/global/networks/default","name":"default","project":null,"self_link":"https://www.googleapis.com/compute/v1/projects/prod-mikan-tf-pr1/global/networks/default","subnetworks_self_links":["https://www.googleapis.com/compute/v1/projects/prod-mikan-tf-pr1/regions/australia-southeast1/subnetworks/default","https://www.googleapis.com/compute/v1/projects/prod-mikan-tf-pr1/regions/europe-west1/subnetworks/default","https://www.googleapis.com/compute/v1/projects/prod-mikan-tf-pr1/regions/asia-northeast3/subnetworks/default","https://www.googleapis.com/compute/v1/projects/prod-mikan-tf-pr1/regions/us-west1/subnetworks/default","https://www.googleapis.com/compute/v1/projects/prod-mikan-tf-pr1/regions/us-east4/subnetworks/default","https://www.googleapis.com/compute/v1/projects/prod-mikan-tf-pr1/regions/asia-northeast1/subnetworks/default","https://www.googleapis.com/compute/v1/projects/prod-mikan-tf-pr1/regions/europe-north1/subnetworks/default","https://www.googleapis.com/compute/v1/projects/prod-mikan-tf-pr1/regions/europe-west4/subnetworks/default","https://www.googleapis.com/compute/v1/projects/prod-mikan-tf-pr1/regions/us-central1/subnetworks/default","https://www.googleapis.com/compute/v1/projects/prod-mikan-tf-pr1/regions/europe-west6/subnetworks/default","https://www.googleapis.com/compute/v1/projects/prod-mikan-tf-pr1/regions/us-east1/subnetworks/default","https://www.googleapis.com/compute/v1/projects/prod-mikan-tf-pr1/regions/asia-southeast1/subnetworks/default","https://www.googleapis.com/compute/v1/projects/prod-mikan-tf-pr1/regions/europe-west2/subnetworks/default","https://www.googleapis.com/compute/v1/projects/prod-mikan-tf-pr1/regions/asia-northeast2/subnetworks/default","https://www.googleapis.com/compute/v1/projects/prod-mikan-tf-pr1/regions/asia-east2/subnetworks/default","https://www.googleapis.com/compute/v1/projects/prod-mikan-tf-pr1/regions/southamerica-east1/subnetworks/default","https://www.googleapis.com/compute/v1/projects/prod-mikan-tf-pr1/regions/europe-west3/subnetworks/default","https://www.googleapis.com/compute/v1/projects/prod-mikan-tf-pr1/regions/us-west2/subnetworks/default","https://www.googleapis.com/compute/v1/projects/prod-mikan-tf-pr1/regions/asia-south1/subnetworks/default","https://www.googleapis.com/compute/v1/projects/prod-mikan-tf-pr1/regions/northamerica-northeast1/subnetworks/default","https://www.googleapis.com/compute/v1/projects/prod-mikan-tf-pr1/regions/asia-east1/subnetworks/default"]}},{"address":"data.google_compute_subnetwork.default","mode":"data","type":"google_compute_subnetwork","name":"default","provider_name":"google","schema_version":0,"values":{"description":"","gateway_address":"10.166.0.1","id":"projects/prod-mikan-tf-pr1/regions/europe-north1/subnetworks/default","ip_cidr_range":"10.166.0.0/20","name":"default","network":"https://www.googleapis.com/compute/v1/projects/prod-mikan-tf-pr1/global/networks/default","private_ip_google_access":false,"project":"prod-mikan-tf-pr1","region":"europe-north1","secondary_ip_range":[],"self_link":"https://www.googleapis.com/compute/v1/projects/prod-mikan-tf-pr1/regions/europe-north1/subnetworks/default"}}]}}},"configuration":{"provider_config":{"google":{"name":"google","expressions":{"project":{"references":["var.project"]},"region":{"references":["var.region"]}}}},"root_module":{"outputs":{"client_certificate":{"sensitive":true,"expression":{"references":["google_container_cluster.main"]}},"client_key":{"sensitive":true,"expression":{"references":["google_container_cluster.main"]}},"cluster_ca_certificate":{"expression":{"references":["google_container_cluster.main"]}},"cluster_password":{"sensitive":true,"expression":{"references":["google_container_cluster.main"]}},"cluster_username":{"expression":{"references":["google_container_cluster.main"]}},"endpoint":{"expression":{"references":["google_container_cluster.main"]}},"instance_group_urls":{"expression":{"references":["google_container_cluster.main"]}},"name":{"expression":{"references":["google_container_cluster.main"]}}},"resources":[{"address":"google_container_cluster.main","mode":"managed","type":"google_container_cluster","name":"main","provider_config_key":"google","expressions":{"addons_config":[{"horizontal_pod_autoscaling":[{"disabled":{"constant_value":false}}]}],"initial_node_count":{"references":["var.gke_nr_of_nodes"]},"ip_allocation_policy":[{"cluster_ipv4_cidr_block":{"constant_value":""},"services_ipv4_cidr_block":{"constant_value":""}}],"location":{"references":["var.region"]},"name":{"references":["var.region","var.env","var.system","var.component","var.append_name"]},"network":{"constant_value":"default"},"node_config":[{"machine_type":{"references":["var.gke_type_of_nodes"]},"metadata":{"constant_value":{"disable-legacy-endpoints":"true"}},"oauth_scopes":{"constant_value":["https://www.googleapis.com/auth/compute","https://www.googleapis.com/auth/devstorage.read_only","https://www.googleapis.com/auth/logging.write","https://www.googleapis.com/auth/monitoring"]}}],"subnetwork":{"constant_value":"default"}},"schema_version":1},{"address":"data.google_compute_network.default","mode":"data","type":"google_compute_network","name":"default","provider_config_key":"google","expressions":{"name":{"constant_value":"default"}},"schema_version":0},{"address":"data.google_compute_subnetwork.default","mode":"data","type":"google_compute_subnetwork","name":"default","provider_config_key":"google","expressions":{"name":{"constant_value":"default"},"region":{"references":["var.region"]}},"schema_version":0}],"variables":{"abs_path":{"description":"The absolute path in the terragrunt directory owning this resources"},"append_name":{"default":"","description":"Part of Name to append"},"component":{"description":"The component of the system"},"env":{"description":"Environment, prod, preprod, qa ..."},"gke_nr_of_nodes":{"default":"1","description":"Nr of initial nodes in the cluster per zone (x3)"},"gke_type_of_nodes":{"default":"n1-standard-1","description":"Typ of nodes"},"max_cpu":{"default":"16","description":"Max CPU for the autoscaling function"},"project":{"description":"GCE Project to use"},"region":{"description":"GCE Region"},"system":{"description":"The system, common for common resources/components"}}}}}
