{"format_version":"0.1","terraform_version":"0.12.20","variables":{"abs_path":{"value":"/Users/mikan/git/prod/terraform-infrastructure-live/gce_multiple/europe-north1/prod/votingService/redis"},"append_name":{"value":""},"component":{"value":"redis"},"env":{"value":"prod"},"project":{"value":"prod-mikan-tf-pr1"},"region":{"value":"europe-north1"},"system":{"value":"votingService"}},"planned_values":{"outputs":{"host":{"sensitive":false},"name":{"sensitive":false,"value":"rediseurope-north1prodvotingserviceredi"}},"root_module":{"resources":[{"address":"google_redis_instance.main","mode":"managed","type":"google_redis_instance","name":"main","provider_name":"google","schema_version":0,"values":{"display_name":null,"labels":null,"memory_size_gb":1,"name":"rediseurope-north1prodvotingserviceredi","redis_configs":null,"tier":"BASIC","timeouts":null}}]}},"resource_changes":[{"address":"google_redis_instance.main","mode":"managed","type":"google_redis_instance","name":"main","provider_name":"google","change":{"actions":["create"],"before":null,"after":{"display_name":null,"labels":null,"memory_size_gb":1,"name":"rediseurope-north1prodvotingserviceredi","redis_configs":null,"tier":"BASIC","timeouts":null},"after_unknown":{"alternative_location_id":true,"authorized_network":true,"create_time":true,"current_location_id":true,"host":true,"id":true,"location_id":true,"port":true,"project":true,"redis_version":true,"region":true,"reserved_ip_range":true}}}],"output_changes":{"host":{"actions":["create"],"before":null,"after_unknown":true},"name":{"actions":["create"],"before":null,"after":"rediseurope-north1prodvotingserviceredi","after_unknown":false}},"configuration":{"provider_config":{"google":{"name":"google","expressions":{"project":{"references":["var.project"]},"region":{"references":["var.region"]}}}},"root_module":{"outputs":{"host":{"expression":{"references":["google_redis_instance.main"]}},"name":{"expression":{"references":["google_redis_instance.main"]}}},"resources":[{"address":"google_redis_instance.main","mode":"managed","type":"google_redis_instance","name":"main","provider_config_key":"google","expressions":{"memory_size_gb":{"constant_value":1},"name":{"references":["var.region","var.env","var.system","var.component","var.append_name"]}},"schema_version":0}],"variables":{"abs_path":{"description":"The absolute path in the terragrunt directory owning this resources"},"append_name":{"default":"","description":"Part of Name to append"},"component":{"description":"The component of the system"},"env":{"description":"Environment, prod, preprod, qa ..."},"project":{"description":"GCE Project to use"},"region":{"description":"GCE Region"},"system":{"description":"The system, common for common resources/components"}}}}}
